// !$*UTF8*$!
{
	archiveVersion = 1;
	classes = {
	};
	objectVersion = 46;
	objects = {

/* Begin PBXBuildFile section */
		3727612F1D5473A700BA7F51 /* main.m in Sources */ = {isa = PBXBuildFile; fileRef = 3727612E1D5473A700BA7F51 /* main.m */; };
		372761321D5473A700BA7F51 /* AppDelegate.m in Sources */ = {isa = PBXBuildFile; fileRef = 372761311D5473A700BA7F51 /* AppDelegate.m */; };
		372761351D5473A700BA7F51 /* ViewController.m in Sources */ = {isa = PBXBuildFile; fileRef = 372761341D5473A700BA7F51 /* ViewController.m */; };
		372761381D5473A700BA7F51 /* Main.storyboard in Resources */ = {isa = PBXBuildFile; fileRef = 372761361D5473A700BA7F51 /* Main.storyboard */; };
		3727613A1D5473A700BA7F51 /* Assets.xcassets in Resources */ = {isa = PBXBuildFile; fileRef = 372761391D5473A700BA7F51 /* Assets.xcassets */; };
		3727613D1D5473A700BA7F51 /* LaunchScreen.storyboard in Resources */ = {isa = PBXBuildFile; fileRef = 3727613B1D5473A700BA7F51 /* LaunchScreen.storyboard */; };
		37DB07CE1D588148003E2524 /* LayerLabel.m in Sources */ = {isa = PBXBuildFile; fileRef = 37DB07CD1D588148003E2524 /* LayerLabel.m */; };
/* End PBXBuildFile section */

/* Begin PBXFileReference section */
		3727612A1D5473A700BA7F51 /* CALayerDemo.app */ = {isa = PBXFileReference; explicitFileType = wrapper.application; includeInIndex = 0; path = CALayerDemo.app; sourceTree = BUILT_PRODUCTS_DIR; };
		3727612E1D5473A700BA7F51 /* main.m */ = {isa = PBXFileReference; lastKnownFileType = sourcecode.c.objc; path = main.m; sourceTree = "<group>"; };
		372761301D5473A700BA7F51 /* AppDelegate.h */ = {isa = PBXFileReference; lastKnownFileType = sourcecode.c.h; path = AppDelegate.h; sourceTree = "<group>"; };
		372761311D5473A700BA7F51 /* AppDelegate.m */ = {isa = PBXFileReference; lastKnownFileType = sourcecode.c.objc; path = AppDelegate.m; sourceTree = "<group>"; };
		372761331D5473A700BA7F51 /* ViewController.h */ = {isa = PBXFileReference; lastKnownFileType = sourcecode.c.h; path = ViewController.h; sourceTree = "<group>"; };
		372761341D5473A700BA7F51 /* ViewController.m */ = {isa = PBXFileReference; lastKnownFileType = sourcecode.c.objc; path = ViewController.m; sourceTree = "<group>"; };
		372761371D5473A700BA7F51 /* Base */ = {isa = PBXFileReference; lastKnownFileType = file.storyboard; name = Base; path = Base.lproj/Main.storyboard; sourceTree = "<group>"; };
		372761391D5473A700BA7F51 /* Assets.xcassets */ = {isa = PBXFileReference; lastKnownFileType = folder.assetcatalog; path = Assets.xcassets; sourceTree = "<group>"; };
		3727613C1D5473A700BA7F51 /* Base */ = {isa = PBXFileReference; lastKnownFileType = file.storyboard; name = Base; path = Base.lproj/LaunchScreen.storyboard; sourceTree = "<group>"; };
		3727613E1D5473A700BA7F51 /* Info.plist */ = {isa = PBXFileReference; lastKnownFileType = text.plist.xml; path = Info.plist; sourceTree = "<group>"; };
		37DB07CC1D588148003E2524 /* LayerLabel.h */ = {isa = PBXFileReference; fileEncoding = 4; lastKnownFileType = sourcecode.c.h; path = LayerLabel.h; sourceTree = "<group>"; };
		37DB07CD1D588148003E2524 /* LayerLabel.m */ = {isa = PBXFileReference; fileEncoding = 4; lastKnownFileType = sourcecode.c.objc; path = LayerLabel.m; sourceTree = "<group>"; };
/* End PBXFileReference section */

/* Begin PBXFrameworksBuildPhase section */
		372761271D5473A700BA7F51 /* Frameworks */ = {
			isa = PBXFrameworksBuildPhase;
			buildActionMask = 2147483647;
			files = (
			);
			runOnlyForDeploymentPostprocessing = 0;
		};
/* End PBXFrameworksBuildPhase section */

/* Begin PBXGroup section */
		372761211D5473A700BA7F51 = {
			isa = PBXGroup;
			children = (
				3727612C1D5473A700BA7F51 /* CALayerDemo */,
				3727612B1D5473A700BA7F51 /* Products */,
			);
			sourceTree = "<group>";
		};
		3727612B1D5473A700BA7F51 /* Products */ = {
			isa = PBXGroup;
			children = (
				3727612A1D5473A700BA7F51 /* CALayerDemo.app */,
			);
			name = Products;
			sourceTree = "<group>";
		};
		3727612C1D5473A700BA7F51 /* CALayerDemo */ = {
			isa = PBXGroup;
			children = (
				372761301D5473A700BA7F51 /* AppDelegate.h */,
				372761311D5473A700BA7F51 /* AppDelegate.m */,
				372761331D5473A700BA7F51 /* ViewController.h */,
				372761341D5473A700BA7F51 /* ViewController.m */,
				372761361D5473A700BA7F51 /* Main.storyboard */,
				372761391D5473A700BA7F51 /* Assets.xcassets */,
				3727613B1D5473A700BA7F51 /* LaunchScreen.storyboard */,
				3727613E1D5473A700BA7F51 /* Info.plist */,
				3727612D1D5473A700BA7F51 /* Supporting Files */,
				37DB07CC1D588148003E2524 /* LayerLabel.h */,
				37DB07CD1D588148003E2524 /* LayerLabel.m */,
			);
			path = CALayerDemo;
			sourceTree = "<group>";
		};
		3727612D1D5473A700BA7F51 /* Supporting Files */ = {
			isa = PBXGroup;
			children = (
				3727612E1D5473A700BA7F51 /* main.m */,
			);
			name = "Supporting Files";
			sourceTree = "<group>";
		};
/* End PBXGroup section */

/* Begin PBXNativeTarget section */
		372761291D5473A700BA7F51 /* CALayerDemo */ = {
			isa = PBXNativeTarget;
			buildConfigurationList = 372761411D5473A700BA7F51 /* Build configuration list for PBXNativeTarget "CALayerDemo" */;
			buildPhases = (
				372761261D5473A700BA7F51 /* Sources */,
				372761271D5473A700BA7F51 /* Frameworks */,
				372761281D5473A700BA7F51 /* Resources */,
			);
			buildRules = (
			);
			dependencies = (
			);
			name = CALayerDemo;
			productName = CALayerDemo;
			productReference = 3727612A1D5473A700BA7F51 /* CALayerDemo.app */;
			productType = "com.apple.product-type.application";
		};
/* End PBXNativeTarget section */

/* Begin PBXProject section */
		372761221D5473A700BA7F51 /* Project object */ = {
			isa = PBXProject;
			attributes = {
				LastUpgradeCheck = 0730;
				ORGANIZATIONNAME = 58;
				TargetAttributes = {
					372761291D5473A700BA7F51 = {
						CreatedOnToolsVersion = 7.3;
					};
				};
			};
			buildConfigurationList = 372761251D5473A700BA7F51 /* Build configuration list for PBXProject "CALayerDemo" */;
			compatibilityVersion = "Xcode 3.2";
			developmentRegion = English;
			hasScannedForEncodings = 0;
			knownRegions = (
				en,
				Base,
			);
			mainGroup = 372761211D5473A700BA7F51;
			productRefGroup = 3727612B1D5473A700BA7F51 /* Products */;
			projectDirPath = "";
			projectRoot = "";
			targets = (
				372761291D5473A700BA7F51 /* CALayerDemo */,
			);
		};
/* End PBXProject section */

/* Begin PBXResourcesBuildPhase section */
		372761281D5473A700BA7F51 /* Resources */ = {
			isa = PBXResourcesBuildPhase;
			buildActionMask = 2147483647;
			files = (
				3727613D1D5473A700BA7F51 /* LaunchScreen.storyboard in Resources */,
				3727613A1D5473A700BA7F51 /* Assets.xcassets in Resources */,
				372761381D5473A700BA7F51 /* Main.storyboard in Resources */,
			);
			runOnlyForDeploymentPostprocessing = 0;
		};
/* End PBXResourcesBuildPhase section */

/* Begin PBXSourcesBuildPhase section */
		372761261D5473A700BA7F51 /* Sources */ = {
			isa = PBXSourcesBuildPhase;
			buildActionMask = 2147483647;
			files = (
				37DB07CE1D588148003E2524 /* LayerLabel.m in Sources */,
				372761351D5473A700BA7F51 /* ViewController.m in Sources */,
				372761321D5473A700BA7F51 /* AppDelegate.m in Sources */,
				3727612F1D5473A700BA7F51 /* main.m in Sources */,
			);
			runOnlyForDeploymentPostprocessing = 0;
		};
/* End PBXSourcesBuildPhase section */

/* Begin PBXVariantGroup section */
		372761361D5473A700BA7F51 /* Main.storyboard */ = {
			isa = PBXVariantGroup;
			children = (
				372761371D5473A700BA7F51 /* Base */,
			);
			name = Main.storyboard;
			sourceTree = "<group>";
		};
		3727613B1D5473A700BA7F51 /* LaunchScreen.storyboard */ = {
			isa = PBXVariantGroup;
			children = (
				3727613C1D5473A700BA7F51 /* Base */,
			);
			name = LaunchScreen.storyboard;
			sourceTree = "<group>";
		};
/* End PBXVariantGroup section */

/* Begin XCBuildConfiguration section */
		3727613F1D5473A700BA7F51 /* Debug */ = {
			isa = XCBuildConfiguration;
			buildSettings = {
				ALWAYS_SEARCH_USER_PATHS = NO;
				CLANG_ANALYZER_NONNULL = YES;
				CLANG_CXX_LANGUAGE_STANDARD = "gnu++0x";
				CLANG_CXX_LIBRARY = "libc++";
				CLANG_ENABLE_MODULES = YES;
				CLANG_ENABLE_OBJC_ARC = YES;
				CLANG_WARN_BOOL_CONVERSION = YES;
				CLANG_WARN_CONSTANT_CONVERSION = YES;
				CLANG_WARN_DIRECT_OBJC_ISA_USAGE = YES_ERROR;
				CLANG_WARN_EMPTY_BODY = YES;
				CLANG_WARN_ENUM_CONVERSION = YES;
				CLANG_WARN_INT_CONVERSION = YES;
				CLANG_WARN_OBJC_ROOT_CLASS = YES_ERROR;
				CLANG_WARN_UNREACHABLE_CODE = YES;
				CLANG_WARN__DUPLICATE_METHOD_MATCH = YES;
				"CODE_SIGN_IDENTITY[sdk=iphoneos*]" = "iPhone Developer";
				COPY_PHASE_STRIP = NO;
				DEBUG_INFORMATION_FORMAT = dwarf;
				ENABLE_STRICT_OBJC_MSGSEND = YES;
				ENABLE_TESTABILITY = YES;
				GCC_C_LANGUAGE_STANDARD = gnu99;
				GCC_DYNAMIC_NO_PIC = NO;
				GCC_NO_COMMON_BLOCKS = YES;
				GCC_OPTIMIZATION_LEVEL = 0;
				GCC_PREPROCESSOR_DEFINITIONS = (
					"DEBUG=1",
					"$(inherited)",
				);
				GCC_WARN_64_TO_32_BIT_CONVERSION = YES;
				GCC_WARN_ABOUT_RETURN_TYPE = YES_ERROR;
				GCC_WARN_UNDECLARED_SELECTOR = YES;
				GCC_WARN_UNINITIALIZED_AUTOS = YES_AGGRESSIVE;
				GCC_WARN_UNUSED_FUNCTION = YES;
				GCC_WARN_UNUSED_VARIABLE = YES;
				IPHONEOS_DEPLOYMENT_TARGET = 9.3;
				MTL_ENABLE_DEBUG_INFO = YES;
				ONLY_ACTIVE_ARCH = YES;
				SDKROOT = iphoneos;
			};
			name = Debug;
		};
		372761401D5473A700BA7F51 /* Release */ = {
			isa = XCBuildConfiguration;
			buildSettings = {
				ALWAYS_SEARCH_USER_PATHS = NO;
				CLANG_ANALYZER_NONNULL = YES;
				CLANG_CXX_LANGUAGE_STANDARD = "gnu++0x";
				CLANG_CXX_LIBRARY = "libc++";
				CLANG_ENABLE_MODULES = YES;
				CLANG_ENABLE_OBJC_ARC = YES;
				CLANG_WARN_BOOL_CONVERSION = YES;
				CLANG_WARN_CONSTANT_CONVERSION = YES;
				CLANG_WARN_DIRECT_OBJC_ISA_USAGE = YES_ERROR;
				CLANG_WARN_EMPTY_BODY = YES;
				CLANG_WARN_ENUM_CONVERSION = YES;
				CLANG_WARN_INT_CONVERSION = YES;
				CLANG_WARN_OBJC_ROOT_CLASS = YES_ERROR;
				CLANG_WARN_UNREACHABLE_CODE = YES;
				CLANG_WARN__DUPLICATE_METHOD_MATCH = YES;
				"CODE_SIGN_IDENTITY[sdk=iphoneos*]" = "iPhone Developer";
				COPY_PHASE_STRIP = NO;
				DEBUG_INFORMATION_FORMAT = "dwarf-with-dsym";
				ENABLE_NS_ASSERTIONS = NO;
				ENABLE_STRICT_OBJC_MSGSEND = YES;
				GCC_C_LANGUAGE_STANDARD = gnu99;
				GCC_NO_COMMON_BLOCKS = YES;
				GCC_WARN_64_TO_32_BIT_CONVERSION = YES;
				GCC_WARN_ABOUT_RETURN_TYPE = YES_ERROR;
				GCC_WARN_UNDECLARED_SELECTOR = YES;
				GCC_WARN_UNINITIALIZED_AUTOS = YES_AGGRESSIVE;
				GCC_WARN_UNUSED_FUNCTION = YES;
				GCC_WARN_UNUSED_VARIABLE = YES;
				IPHONEOS_DEPLOYMENT_TARGET = 9.3;
				MTL_ENABLE_DEBUG_INFO = NO;
				SDKROOT = iphoneos;
				VALIDATE_PRODUCT = YES;
			};
			name = Release;
		};
		372761421D5473A700BA7F51 /* Debug */ = {
			isa = XCBuildConfiguration;
			buildSettings = {
				ASSETCATALOG_COMPILER_APPICON_NAME = AppIcon;
				INFOPLIST_FILE = CALayerDemo/Info.plist;
				LD_RUNPATH_SEARCH_PATHS = "$(inherited) @executable_path/Frameworks";
				PRODUCT_BUNDLE_IDENTIFIER = cn.com.58.CALayerDemo;
				PRODUCT_NAME = "$(TARGET_NAME)";
			};
			name = Debug;
		};
		372761431D5473A700BA7F51 /* Release */ = {
			isa = XCBuildConfiguration;
			buildSettings = {
				ASSETCATALOG_COMPILER_APPICON_NAME = AppIcon;
				INFOPLIST_FILE = CALayerDemo/Info.plist;
				LD_RUNPATH_SEARCH_PATHS = "$(inherited) @executable_path/Frameworks";
				PRODUCT_BUNDLE_IDENTIFIER = cn.com.58.CALayerDemo;
				PRODUCT_NAME = "$(TARGET_NAME)";
			};
			name = Release;
		};
/* End XCBuildConfiguration section */

/* Begin XCConfigurationList section */
		372761251D5473A700BA7F51 /* Build configuration list for PBXProject "CALayerDemo" */ = {
			isa = XCConfigurationList;
			buildConfigurations = (
				3727613F1D5473A700BA7F51 /* Debug */,
				372761401D5473A700BA7F51 /* Release */,
			);
			defaultConfigurationIsVisible = 0;
			defaultConfigurationName = Release;
		};
		372761411D5473A700BA7F51 /* Build configuration list for PBXNativeTarget "CALayerDemo" */ = {
			isa = XCConfigurationList;
			buildConfigurations = (
				372761421D5473A700BA7F51 /* Debug */,
				372761431D5473A700BA7F51 /* Release */,
			);
			defaultConfigurationIsVisible = 0;
			defaultConfigurationName = Release;
		};
/* End XCConfigurationList section */
	};
	rootObject = 372761221D5473A700BA7F51 /* Project object */;
}
